
Microsoft Visual Studio Solution File, Format Version 12.00
# Visual Studio Version 17
VisualStudioVersion = 17.2.32519.379
MinimumVisualStudioVersion = 10.0.40219.1
Project("{FAE04EC0-301F-11D3-BF4B-00C04F79EFBC}") = "Money-Simulator", "Money-Simulator\Money-Simulator.csproj", "{3330B5FE-6681-4358-962F-9CE8303DE306}"
EndProject
Global
	GlobalSection(SolutionConfigurationPlatforms) = preSolution
		Debug|Any CPU = Debug|Any CPU
		Release|Any CPU = Release|Any CPU
	EndGlobalSection
	GlobalSection(ProjectConfigurationPlatforms) = postSolution
		{3330B5FE-6681-4358-962F-9CE8303DE306}.Debug|Any CPU.ActiveCfg = Debug|Any CPU
		{3330B5FE-6681-4358-962F-9CE8303DE306}.Debug|Any CPU.Build.0 = Debug|Any CPU
		{3330B5FE-6681-4358-962F-9CE8303DE306}.Release|Any CPU.ActiveCfg = Release|Any CPU
		{3330B5FE-6681-4358-962F-9CE8303DE306}.Release|Any CPU.Build.0 = Release|Any CPU
	EndGlobalSection
	GlobalSection(SolutionProperties) = preSolution
		HideSolutionNode = FALSE
	EndGlobalSection
	GlobalSection(ExtensibilityGlobals) = postSolution
		SolutionGuid = {EDFEE5B1-8ED5-488A-9C9D-802CFA46868B}
	EndGlobalSection
EndGlobal
